{
  "name": "global-dependencies",
  "version": "1.0.0",
  "lockfileVersion": 1,
  "requires": true,
  "dependencies": {
    "@angular/common": {
      "version": "11.2.14",
      "resolved": "https://registry.npmjs.org/@angular/common/-/common-11.2.14.tgz",
      "integrity": "sha512-ZSLV/3j7eCTyLf/8g4yBFLWySjiLz3vLJAGWscYoUpnJWMnug1VRu6zoF/COxCbtORgE+Wz6K0uhfS6MziBGVw==",
      "requires": {
        "tslib": "^2.0.0"
      }
    },
    "tslib": {
      "version": "2.3.0",
      "resolved": "https://registry.npmjs.org/tslib/-/tslib-2.3.0.tgz",
      "integrity": "sha512-N82ooyxVNm6h1riLCoyS9e3fuJ3AMG2zIZs2Gd1ATcSFjSA23Q0fzjjZeh0jbJvWVDZ0cJT8yaNNaaXHzueNjg=="
    }
  }
}
